
Microsoft Visual Studio Solution File, Format Version 12.00
# Visual Studio 15
VisualStudioVersion = 15.0.26730.12
MinimumVisualStudioVersion = 10.0.40219.1
Project("{9A19103F-16F7-4668-BE54-9A1E7A4F7556}") = "aliyun-net-sdk-dm", "aliyun-net-sdk-dm-net-standard\aliyun-net-sdk-dm.csproj", "{8944E342-1034-432A-967A-B18D266CD00A}"
EndProject
Project("{9A19103F-16F7-4668-BE54-9A1E7A4F7556}") = "aliyun-net-sdk-core", "aliyun-net-sdk-core-net-standard\aliyun-net-sdk-core.csproj", "{2F3CFC2C-363F-4BB2-80BD-B516B3507450}"
EndProject
Project("{FAE04EC0-301F-11D3-BF4B-00C04F79EFBC}") = "Deepleo.Aliyun.DM", "Deepleo.Aliyun.DM\Deepleo.Aliyun.DM.csproj", "{CAA43F6B-BCEE-4204-AD55-DCA73FC732B7}"
EndProject
Global
	GlobalSection(SolutionConfigurationPlatforms) = preSolution
		Debug|Any CPU = Debug|Any CPU
		Release|Any CPU = Release|Any CPU
	EndGlobalSection
	GlobalSection(ProjectConfigurationPlatforms) = postSolution
		{8944E342-1034-432A-967A-B18D266CD00A}.Debug|Any CPU.ActiveCfg = Debug|Any CPU
		{8944E342-1034-432A-967A-B18D266CD00A}.Debug|Any CPU.Build.0 = Debug|Any CPU
		{8944E342-1034-432A-967A-B18D266CD00A}.Release|Any CPU.ActiveCfg = Release|Any CPU
		{8944E342-1034-432A-967A-B18D266CD00A}.Release|Any CPU.Build.0 = Release|Any CPU
		{2F3CFC2C-363F-4BB2-80BD-B516B3507450}.Debug|Any CPU.ActiveCfg = Debug|Any CPU
		{2F3CFC2C-363F-4BB2-80BD-B516B3507450}.Debug|Any CPU.Build.0 = Debug|Any CPU
		{2F3CFC2C-363F-4BB2-80BD-B516B3507450}.Release|Any CPU.ActiveCfg = Release|Any CPU
		{2F3CFC2C-363F-4BB2-80BD-B516B3507450}.Release|Any CPU.Build.0 = Release|Any CPU
		{CAA43F6B-BCEE-4204-AD55-DCA73FC732B7}.Debug|Any CPU.ActiveCfg = Debug|Any CPU
		{CAA43F6B-BCEE-4204-AD55-DCA73FC732B7}.Debug|Any CPU.Build.0 = Debug|Any CPU
		{CAA43F6B-BCEE-4204-AD55-DCA73FC732B7}.Release|Any CPU.ActiveCfg = Release|Any CPU
		{CAA43F6B-BCEE-4204-AD55-DCA73FC732B7}.Release|Any CPU.Build.0 = Release|Any CPU
	EndGlobalSection
	GlobalSection(SolutionProperties) = preSolution
		HideSolutionNode = FALSE
	EndGlobalSection
	GlobalSection(ExtensibilityGlobals) = postSolution
		SolutionGuid = {DA6DBC7C-A5CD-437F-B36D-E475B3EB7442}
	EndGlobalSection
EndGlobal
